Microsoft Visual Studio Solution File, Format Version 11.00
# Visual Studio 2010
Project("{FAE04EC0-301F-11D3-BF4B-00C04F79EFBC}") = "VSW.Lib", "VSW.Lib\VSW.Lib.csproj", "{C2ED2502-B00D-4CA4-B7F1-D31C1BD33FD4}"
EndProject
Project("{FAE04EC0-301F-11D3-BF4B-00C04F79EFBC}") = "VSW.Website", "VSW.Website\VSW.Website.csproj", "{C83D5107-B6BE-4A52-9416-056F4A0A7070}"
EndProject
Project("{FAE04EC0-301F-11D3-BF4B-00C04F79EFBC}") = "Lib", "Lib\Lib.csproj", "{E54C1533-D7C1-4C9A-B877-72674616A54D}"
EndProject
Global
	GlobalSection(SolutionConfigurationPlatforms) = preSolution
		Debug|Any CPU = Debug|Any CPU
		Release|Any CPU = Release|Any CPU
	EndGlobalSection
	GlobalSection(ProjectConfigurationPlatforms) = postSolution
		{C2ED2502-B00D-4CA4-B7F1-D31C1BD33FD4}.Debug|Any CPU.ActiveCfg = Debug|Any CPU
		{C2ED2502-B00D-4CA4-B7F1-D31C1BD33FD4}.Debug|Any CPU.Build.0 = Debug|Any CPU
		{C2ED2502-B00D-4CA4-B7F1-D31C1BD33FD4}.Release|Any CPU.ActiveCfg = Release|Any CPU
		{C2ED2502-B00D-4CA4-B7F1-D31C1BD33FD4}.Release|Any CPU.Build.0 = Release|Any CPU
		{C83D5107-B6BE-4A52-9416-056F4A0A7070}.Debug|Any CPU.ActiveCfg = Debug|Any CPU
		{C83D5107-B6BE-4A52-9416-056F4A0A7070}.Debug|Any CPU.Build.0 = Debug|Any CPU
		{C83D5107-B6BE-4A52-9416-056F4A0A7070}.Release|Any CPU.ActiveCfg = Release|Any CPU
		{C83D5107-B6BE-4A52-9416-056F4A0A7070}.Release|Any CPU.Build.0 = Release|Any CPU
		{E54C1533-D7C1-4C9A-B877-72674616A54D}.Debug|Any CPU.ActiveCfg = Debug|Any CPU
		{E54C1533-D7C1-4C9A-B877-72674616A54D}.Debug|Any CPU.Build.0 = Debug|Any CPU
		{E54C1533-D7C1-4C9A-B877-72674616A54D}.Release|Any CPU.ActiveCfg = Release|Any CPU
		{E54C1533-D7C1-4C9A-B877-72674616A54D}.Release|Any CPU.Build.0 = Release|Any CPU
	EndGlobalSection
	GlobalSection(SolutionProperties) = preSolution
		HideSolutionNode = FALSE
	EndGlobalSection
EndGlobal
